
Microsoft Visual Studio Solution File, Format Version 12.00
# Visual Studio Version 17
VisualStudioVersion = 17.14.36109.1 d17.14
MinimumVisualStudioVersion = 10.0.40219.1
Project("{FAE04EC0-301F-11D3-BF4B-00C04F79EFBC}") = "Entities", "Entities\Entities.csproj", "{FEF5C766-AD77-483A-A92F-F0820DE381E0}"
EndProject
Global
	GlobalSection(SolutionConfigurationPlatforms) = preSolution
		Debug|Any CPU = Debug|Any CPU
		Release|Any CPU = Release|Any CPU
	EndGlobalSection
	GlobalSection(ProjectConfigurationPlatforms) = postSolution
		{FEF5C766-AD77-483A-A92F-F0820DE381E0}.Debug|Any CPU.ActiveCfg = Debug|Any CPU
		{FEF5C766-AD77-483A-A92F-F0820DE381E0}.Debug|Any CPU.Build.0 = Debug|Any CPU
		{FEF5C766-AD77-483A-A92F-F0820DE381E0}.Release|Any CPU.ActiveCfg = Release|Any CPU
		{FEF5C766-AD77-483A-A92F-F0820DE381E0}.Release|Any CPU.Build.0 = Release|Any CPU
	EndGlobalSection
	GlobalSection(SolutionProperties) = preSolution
		HideSolutionNode = FALSE
	EndGlobalSection
	GlobalSection(ExtensibilityGlobals) = postSolution
		SolutionGuid = {91F5C0E5-B3E8-4135-8622-7D72026371A7}
	EndGlobalSection
EndGlobal
